
Microsoft Visual Studio Solution File, Format Version 12.00
# Visual Studio 15
Project("{FAE04EC0-301F-11D3-BF4B-00C04F79EFBC}") = "xam_onlineticket.Android", "xam_onlineticket.Android\xam_onlineticket.Android.csproj", "{B97CDC3E-B685-41A0-A778-27B6C21541F2}"
EndProject
Project("{FAE04EC0-301F-11D3-BF4B-00C04F79EFBC}") = "xam_onlineticket.iOS", "xam_onlineticket.iOS\xam_onlineticket.iOS.csproj", "{A2E09E4F-81F6-46AF-9C2C-0AC3488D9598}"
EndProject
Project("{FAE04EC0-301F-11D3-BF4B-00C04F79EFBC}") = "xam_onlineticket", "xam_onlineticket\xam_onlineticket.csproj", "{2B75C040-92E1-485E-B388-C265AE3AC58F}"
EndProject
Global
	GlobalSection(SolutionConfigurationPlatforms) = preSolution
		Debug|Any CPU = Debug|Any CPU
		Release|Any CPU = Release|Any CPU
		Debug|iPhoneSimulator = Debug|iPhoneSimulator
		Release|iPhoneSimulator = Release|iPhoneSimulator
		Debug|iPhone = Debug|iPhone
		Release|iPhone = Release|iPhone
	EndGlobalSection
	GlobalSection(ProjectConfigurationPlatforms) = postSolution
		{B97CDC3E-B685-41A0-A778-27B6C21541F2}.Debug|Any CPU.ActiveCfg = Debug|Any CPU
		{B97CDC3E-B685-41A0-A778-27B6C21541F2}.Debug|Any CPU.Build.0 = Debug|Any CPU
		{B97CDC3E-B685-41A0-A778-27B6C21541F2}.Release|Any CPU.ActiveCfg = Release|Any CPU
		{B97CDC3E-B685-41A0-A778-27B6C21541F2}.Release|Any CPU.Build.0 = Release|Any CPU
		{B97CDC3E-B685-41A0-A778-27B6C21541F2}.Debug|iPhoneSimulator.ActiveCfg = Debug|Any CPU
		{B97CDC3E-B685-41A0-A778-27B6C21541F2}.Debug|iPhoneSimulator.Build.0 = Debug|Any CPU
		{B97CDC3E-B685-41A0-A778-27B6C21541F2}.Release|iPhoneSimulator.ActiveCfg = Release|Any CPU
		{B97CDC3E-B685-41A0-A778-27B6C21541F2}.Release|iPhoneSimulator.Build.0 = Release|Any CPU
		{B97CDC3E-B685-41A0-A778-27B6C21541F2}.Debug|iPhone.ActiveCfg = Debug|Any CPU
		{B97CDC3E-B685-41A0-A778-27B6C21541F2}.Debug|iPhone.Build.0 = Debug|Any CPU
		{B97CDC3E-B685-41A0-A778-27B6C21541F2}.Release|iPhone.ActiveCfg = Release|Any CPU
		{B97CDC3E-B685-41A0-A778-27B6C21541F2}.Release|iPhone.Build.0 = Release|Any CPU
		{A2E09E4F-81F6-46AF-9C2C-0AC3488D9598}.Debug|Any CPU.ActiveCfg = Debug|iPhoneSimulator
		{A2E09E4F-81F6-46AF-9C2C-0AC3488D9598}.Debug|Any CPU.Build.0 = Debug|iPhoneSimulator
		{A2E09E4F-81F6-46AF-9C2C-0AC3488D9598}.Release|Any CPU.ActiveCfg = Release|iPhoneSimulator
		{A2E09E4F-81F6-46AF-9C2C-0AC3488D9598}.Release|Any CPU.Build.0 = Release|iPhoneSimulator
		{A2E09E4F-81F6-46AF-9C2C-0AC3488D9598}.Debug|iPhoneSimulator.ActiveCfg = Debug|iPhoneSimulator
		{A2E09E4F-81F6-46AF-9C2C-0AC3488D9598}.Debug|iPhoneSimulator.Build.0 = Debug|iPhoneSimulator
		{A2E09E4F-81F6-46AF-9C2C-0AC3488D9598}.Release|iPhoneSimulator.ActiveCfg = Release|iPhoneSimulator
		{A2E09E4F-81F6-46AF-9C2C-0AC3488D9598}.Release|iPhoneSimulator.Build.0 = Release|iPhoneSimulator
		{A2E09E4F-81F6-46AF-9C2C-0AC3488D9598}.Debug|iPhone.ActiveCfg = Debug|iPhone
		{A2E09E4F-81F6-46AF-9C2C-0AC3488D9598}.Debug|iPhone.Build.0 = Debug|iPhone
		{A2E09E4F-81F6-46AF-9C2C-0AC3488D9598}.Release|iPhone.ActiveCfg = Release|iPhone
		{A2E09E4F-81F6-46AF-9C2C-0AC3488D9598}.Release|iPhone.Build.0 = Release|iPhone
		{2B75C040-92E1-485E-B388-C265AE3AC58F}.Debug|Any CPU.ActiveCfg = Debug|Any CPU
		{2B75C040-92E1-485E-B388-C265AE3AC58F}.Debug|Any CPU.Build.0 = Debug|Any CPU
		{2B75C040-92E1-485E-B388-C265AE3AC58F}.Release|Any CPU.ActiveCfg = Release|Any CPU
		{2B75C040-92E1-485E-B388-C265AE3AC58F}.Release|Any CPU.Build.0 = Release|Any CPU
		{2B75C040-92E1-485E-B388-C265AE3AC58F}.Debug|iPhoneSimulator.ActiveCfg = Debug|Any CPU
		{2B75C040-92E1-485E-B388-C265AE3AC58F}.Debug|iPhoneSimulator.Build.0 = Debug|Any CPU
		{2B75C040-92E1-485E-B388-C265AE3AC58F}.Release|iPhoneSimulator.ActiveCfg = Release|Any CPU
		{2B75C040-92E1-485E-B388-C265AE3AC58F}.Release|iPhoneSimulator.Build.0 = Release|Any CPU
		{2B75C040-92E1-485E-B388-C265AE3AC58F}.Debug|iPhone.ActiveCfg = Debug|Any CPU
		{2B75C040-92E1-485E-B388-C265AE3AC58F}.Debug|iPhone.Build.0 = Debug|Any CPU
		{2B75C040-92E1-485E-B388-C265AE3AC58F}.Release|iPhone.ActiveCfg = Release|Any CPU
		{2B75C040-92E1-485E-B388-C265AE3AC58F}.Release|iPhone.Build.0 = Release|Any CPU
	EndGlobalSection
EndGlobal
